
Microsoft Visual Studio Solution File, Format Version 12.00
# Visual Studio 15
VisualStudioVersion = 15.0.26124.0
MinimumVisualStudioVersion = 15.0.26124.0
Project("{2150E333-8FDC-42A3-9474-1A3956D46DE8}") = "src", "src", "{500D9DB1-7BB0-4FB2-9BEF-9ECCAB19EA56}"
EndProject
Project("{F2A71F9B-5D33-465A-A702-920D77279786}") = "Fun.Routing", "src\Fun.Routing\Fun.Routing.fsproj", "{334B02F0-E249-40F7-B2A1-94C63CCFBE4B}"
EndProject
Project("{2150E333-8FDC-42A3-9474-1A3956D46DE8}") = "demo", "demo", "{EAF3F7CA-2FA9-4BCD-A20F-514EFBB2AE68}"
EndProject
Project("{F2A71F9B-5D33-465A-A702-920D77279786}") = "Client", "demo\Client\Client.fsproj", "{E7D27E68-A32E-41EF-B9BB-E05658C987B9}"
EndProject
Project("{F2A71F9B-5D33-465A-A702-920D77279786}") = "Server", "demo\Server\Server.fsproj", "{F97E564C-6F52-4AAE-9A3D-D123C4C2DEE3}"
EndProject
Global
	GlobalSection(SolutionConfigurationPlatforms) = preSolution
		Debug|Any CPU = Debug|Any CPU
		Debug|x64 = Debug|x64
		Debug|x86 = Debug|x86
		Release|Any CPU = Release|Any CPU
		Release|x64 = Release|x64
		Release|x86 = Release|x86
	EndGlobalSection
	GlobalSection(SolutionProperties) = preSolution
		HideSolutionNode = FALSE
	EndGlobalSection
	GlobalSection(ProjectConfigurationPlatforms) = postSolution
		{334B02F0-E249-40F7-B2A1-94C63CCFBE4B}.Debug|Any CPU.ActiveCfg = Debug|Any CPU
		{334B02F0-E249-40F7-B2A1-94C63CCFBE4B}.Debug|Any CPU.Build.0 = Debug|Any CPU
		{334B02F0-E249-40F7-B2A1-94C63CCFBE4B}.Debug|x64.ActiveCfg = Debug|Any CPU
		{334B02F0-E249-40F7-B2A1-94C63CCFBE4B}.Debug|x64.Build.0 = Debug|Any CPU
		{334B02F0-E249-40F7-B2A1-94C63CCFBE4B}.Debug|x86.ActiveCfg = Debug|Any CPU
		{334B02F0-E249-40F7-B2A1-94C63CCFBE4B}.Debug|x86.Build.0 = Debug|Any CPU
		{334B02F0-E249-40F7-B2A1-94C63CCFBE4B}.Release|Any CPU.ActiveCfg = Release|Any CPU
		{334B02F0-E249-40F7-B2A1-94C63CCFBE4B}.Release|Any CPU.Build.0 = Release|Any CPU
		{334B02F0-E249-40F7-B2A1-94C63CCFBE4B}.Release|x64.ActiveCfg = Release|Any CPU
		{334B02F0-E249-40F7-B2A1-94C63CCFBE4B}.Release|x64.Build.0 = Release|Any CPU
		{334B02F0-E249-40F7-B2A1-94C63CCFBE4B}.Release|x86.ActiveCfg = Release|Any CPU
		{334B02F0-E249-40F7-B2A1-94C63CCFBE4B}.Release|x86.Build.0 = Release|Any CPU
		{E7D27E68-A32E-41EF-B9BB-E05658C987B9}.Debug|Any CPU.ActiveCfg = Debug|Any CPU
		{E7D27E68-A32E-41EF-B9BB-E05658C987B9}.Debug|Any CPU.Build.0 = Debug|Any CPU
		{E7D27E68-A32E-41EF-B9BB-E05658C987B9}.Debug|x64.ActiveCfg = Debug|Any CPU
		{E7D27E68-A32E-41EF-B9BB-E05658C987B9}.Debug|x64.Build.0 = Debug|Any CPU
		{E7D27E68-A32E-41EF-B9BB-E05658C987B9}.Debug|x86.ActiveCfg = Debug|Any CPU
		{E7D27E68-A32E-41EF-B9BB-E05658C987B9}.Debug|x86.Build.0 = Debug|Any CPU
		{E7D27E68-A32E-41EF-B9BB-E05658C987B9}.Release|Any CPU.ActiveCfg = Release|Any CPU
		{E7D27E68-A32E-41EF-B9BB-E05658C987B9}.Release|Any CPU.Build.0 = Release|Any CPU
		{E7D27E68-A32E-41EF-B9BB-E05658C987B9}.Release|x64.ActiveCfg = Release|Any CPU
		{E7D27E68-A32E-41EF-B9BB-E05658C987B9}.Release|x64.Build.0 = Release|Any CPU
		{E7D27E68-A32E-41EF-B9BB-E05658C987B9}.Release|x86.ActiveCfg = Release|Any CPU
		{E7D27E68-A32E-41EF-B9BB-E05658C987B9}.Release|x86.Build.0 = Release|Any CPU
		{F97E564C-6F52-4AAE-9A3D-D123C4C2DEE3}.Debug|Any CPU.ActiveCfg = Debug|Any CPU
		{F97E564C-6F52-4AAE-9A3D-D123C4C2DEE3}.Debug|Any CPU.Build.0 = Debug|Any CPU
		{F97E564C-6F52-4AAE-9A3D-D123C4C2DEE3}.Debug|x64.ActiveCfg = Debug|Any CPU
		{F97E564C-6F52-4AAE-9A3D-D123C4C2DEE3}.Debug|x64.Build.0 = Debug|Any CPU
		{F97E564C-6F52-4AAE-9A3D-D123C4C2DEE3}.Debug|x86.ActiveCfg = Debug|Any CPU
		{F97E564C-6F52-4AAE-9A3D-D123C4C2DEE3}.Debug|x86.Build.0 = Debug|Any CPU
		{F97E564C-6F52-4AAE-9A3D-D123C4C2DEE3}.Release|Any CPU.ActiveCfg = Release|Any CPU
		{F97E564C-6F52-4AAE-9A3D-D123C4C2DEE3}.Release|Any CPU.Build.0 = Release|Any CPU
		{F97E564C-6F52-4AAE-9A3D-D123C4C2DEE3}.Release|x64.ActiveCfg = Release|Any CPU
		{F97E564C-6F52-4AAE-9A3D-D123C4C2DEE3}.Release|x64.Build.0 = Release|Any CPU
		{F97E564C-6F52-4AAE-9A3D-D123C4C2DEE3}.Release|x86.ActiveCfg = Release|Any CPU
		{F97E564C-6F52-4AAE-9A3D-D123C4C2DEE3}.Release|x86.Build.0 = Release|Any CPU
	EndGlobalSection
	GlobalSection(NestedProjects) = preSolution
		{334B02F0-E249-40F7-B2A1-94C63CCFBE4B} = {500D9DB1-7BB0-4FB2-9BEF-9ECCAB19EA56}
		{E7D27E68-A32E-41EF-B9BB-E05658C987B9} = {EAF3F7CA-2FA9-4BCD-A20F-514EFBB2AE68}
		{F97E564C-6F52-4AAE-9A3D-D123C4C2DEE3} = {EAF3F7CA-2FA9-4BCD-A20F-514EFBB2AE68}
	EndGlobalSection
EndGlobal
